
Microsoft Visual Studio Solution File, Format Version 12.00
# Visual Studio Version 17
VisualStudioVersion = 17.7.34202.233
MinimumVisualStudioVersion = 10.0.40219.1
Project("{FAE04EC0-301F-11D3-BF4B-00C04F79EFBC}") = "SRP_Printer_Demo", "SRP_Printer_Demo\SRP_Printer_Demo.csproj", "{A6B76A74-EDC3-4EB9-BF0F-19E8DC812BDB}"
EndProject
Project("{FAE04EC0-301F-11D3-BF4B-00C04F79EFBC}") = "TestProjectPrinter", "TestProjectPrinter\TestProjectPrinter.csproj", "{B918B48F-8479-4A8A-9614-DE906D8FC3CB}"
EndProject
Global
	GlobalSection(SolutionConfigurationPlatforms) = preSolution
		Debug|Any CPU = Debug|Any CPU
		Release|Any CPU = Release|Any CPU
	EndGlobalSection
	GlobalSection(ProjectConfigurationPlatforms) = postSolution
		{A6B76A74-EDC3-4EB9-BF0F-19E8DC812BDB}.Debug|Any CPU.ActiveCfg = Debug|Any CPU
		{A6B76A74-EDC3-4EB9-BF0F-19E8DC812BDB}.Debug|Any CPU.Build.0 = Debug|Any CPU
		{A6B76A74-EDC3-4EB9-BF0F-19E8DC812BDB}.Release|Any CPU.ActiveCfg = Release|Any CPU
		{A6B76A74-EDC3-4EB9-BF0F-19E8DC812BDB}.Release|Any CPU.Build.0 = Release|Any CPU
		{B918B48F-8479-4A8A-9614-DE906D8FC3CB}.Debug|Any CPU.ActiveCfg = Debug|Any CPU
		{B918B48F-8479-4A8A-9614-DE906D8FC3CB}.Debug|Any CPU.Build.0 = Debug|Any CPU
		{B918B48F-8479-4A8A-9614-DE906D8FC3CB}.Release|Any CPU.ActiveCfg = Release|Any CPU
		{B918B48F-8479-4A8A-9614-DE906D8FC3CB}.Release|Any CPU.Build.0 = Release|Any CPU
	EndGlobalSection
	GlobalSection(SolutionProperties) = preSolution
		HideSolutionNode = FALSE
	EndGlobalSection
	GlobalSection(ExtensibilityGlobals) = postSolution
		SolutionGuid = {70085129-CC43-4387-8BF5-A1F26552E104}
	EndGlobalSection
EndGlobal
